
Microsoft Visual Studio Solution File, Format Version 12.00
# Visual Studio Version 17
VisualStudioVersion = 17.6.33829.357
MinimumVisualStudioVersion = 10.0.40219.1
Project("{9A19103F-16F7-4668-BE54-9A1E7A4F7556}") = "CustomerApi", "Customerapi\CustomerApi.csproj", "{C6068ED9-AA4D-4504-AA13-18AD258BBD84}"
EndProject
Global
	GlobalSection(SolutionConfigurationPlatforms) = preSolution
		Debug|Any CPU = Debug|Any CPU
		Release|Any CPU = Release|Any CPU
	EndGlobalSection
	GlobalSection(ProjectConfigurationPlatforms) = postSolution
		{C6068ED9-AA4D-4504-AA13-18AD258BBD84}.Debug|Any CPU.ActiveCfg = Debug|Any CPU
		{C6068ED9-AA4D-4504-AA13-18AD258BBD84}.Debug|Any CPU.Build.0 = Debug|Any CPU
		{C6068ED9-AA4D-4504-AA13-18AD258BBD84}.Release|Any CPU.ActiveCfg = Release|Any CPU
		{C6068ED9-AA4D-4504-AA13-18AD258BBD84}.Release|Any CPU.Build.0 = Release|Any CPU
	EndGlobalSection
	GlobalSection(SolutionProperties) = preSolution
		HideSolutionNode = FALSE
	EndGlobalSection
	GlobalSection(ExtensibilityGlobals) = postSolution
		SolutionGuid = {F5AD6046-D199-455E-ADFE-4CDE31B50BE7}
	EndGlobalSection
EndGlobal
